
Microsoft Visual Studio Solution File, Format Version 12.00
# Visual Studio Version 16
VisualStudioVersion = 16.0.30011.22
MinimumVisualStudioVersion = 10.0.40219.1
Project("{9A19103F-16F7-4668-BE54-9A1E7A4F7556}") = "ETMS-Blazor", "ETMS-Blazor\ETMS-Blazor.csproj", "{C5348718-F903-4D2A-82D7-E393D632DA63}"
EndProject
Project("{9A19103F-16F7-4668-BE54-9A1E7A4F7556}") = "ETMS.Data", "ETMS.Data\ETMS.Data.csproj", "{A186F94B-7C28-4526-A262-795E314BE2D5}"
EndProject
Global
	GlobalSection(SolutionConfigurationPlatforms) = preSolution
		Debug|Any CPU = Debug|Any CPU
		Release|Any CPU = Release|Any CPU
	EndGlobalSection
	GlobalSection(ProjectConfigurationPlatforms) = postSolution
		{C5348718-F903-4D2A-82D7-E393D632DA63}.Debug|Any CPU.ActiveCfg = Debug|Any CPU
		{C5348718-F903-4D2A-82D7-E393D632DA63}.Debug|Any CPU.Build.0 = Debug|Any CPU
		{C5348718-F903-4D2A-82D7-E393D632DA63}.Release|Any CPU.ActiveCfg = Release|Any CPU
		{C5348718-F903-4D2A-82D7-E393D632DA63}.Release|Any CPU.Build.0 = Release|Any CPU
		{A186F94B-7C28-4526-A262-795E314BE2D5}.Debug|Any CPU.ActiveCfg = Debug|Any CPU
		{A186F94B-7C28-4526-A262-795E314BE2D5}.Debug|Any CPU.Build.0 = Debug|Any CPU
		{A186F94B-7C28-4526-A262-795E314BE2D5}.Release|Any CPU.ActiveCfg = Release|Any CPU
		{A186F94B-7C28-4526-A262-795E314BE2D5}.Release|Any CPU.Build.0 = Release|Any CPU
	EndGlobalSection
	GlobalSection(SolutionProperties) = preSolution
		HideSolutionNode = FALSE
	EndGlobalSection
	GlobalSection(ExtensibilityGlobals) = postSolution
		SolutionGuid = {905ED490-C108-43CC-93DB-987B3BE285A7}
	EndGlobalSection
EndGlobal
